// !$*UTF8*$!
{
	archiveVersion = 1;
	classes = {
	};
	objectVersion = 51;
	objects = {

/* Begin PBXBuildFile section */
		5946B28C77CA7F86BFCC17B0 /* Pods_ViewPoint.framework in Frameworks */ = {isa = PBXBuildFile; fileRef = F517DAEBC88B6202FA45B091 /* Pods_ViewPoint.framework */; };
		B114ACF8223AE7DF00319479 /* AppDelegate.swift in Sources */ = {isa = PBXBuildFile; fileRef = B114ACF7223AE7DF00319479 /* AppDelegate.swift */; };
		B114ACFA223AE7DF00319479 /* LogInViewController.swift in Sources */ = {isa = PBXBuildFile; fileRef = B114ACF9223AE7DF00319479 /* LogInViewController.swift */; };
		B114ACFD223AE7DF00319479 /* Main.storyboard in Resources */ = {isa = PBXBuildFile; fileRef = B114ACFB223AE7DF00319479 /* Main.storyboard */; };
		B114ACFF223AE7E400319479 /* Assets.xcassets in Resources */ = {isa = PBXBuildFile; fileRef = B114ACFE223AE7E400319479 /* Assets.xcassets */; };
		B114AD02223AE7E400319479 /* LaunchScreen.storyboard in Resources */ = {isa = PBXBuildFile; fileRef = B114AD00223AE7E400319479 /* LaunchScreen.storyboard */; };
		B114AD0A223B697100319479 /* GoogleService-Info.plist in Resources */ = {isa = PBXBuildFile; fileRef = B114AD09223B697100319479 /* GoogleService-Info.plist */; };
		B114AD0C223C9C7900319479 /* DashboardViewController.swift in Sources */ = {isa = PBXBuildFile; fileRef = B114AD0B223C9C7800319479 /* DashboardViewController.swift */; };
		B114AD0E223E0A4A00319479 /* ProfileViewController.swift in Sources */ = {isa = PBXBuildFile; fileRef = B114AD0D223E0A4900319479 /* ProfileViewController.swift */; };
		B114AD10223E21E500319479 /* Global.swift in Sources */ = {isa = PBXBuildFile; fileRef = B114AD0F223E21E500319479 /* Global.swift */; };
		B114AD19223F02CA00319479 /* TopicsTableViewController.swift in Sources */ = {isa = PBXBuildFile; fileRef = B114AD18223F02CA00319479 /* TopicsTableViewController.swift */; };
		B114AD1E223F33DC00319479 /* GridViewCell in Resources */ = {isa = PBXBuildFile; fileRef = B114AD1C223F33DA00319479 /* GridViewCell */; };
		B114AD1F223F33DC00319479 /* DemoElongationCell in Resources */ = {isa = PBXBuildFile; fileRef = B114AD1D223F33DB00319479 /* DemoElongationCell */; };
/* End PBXBuildFile section */

/* Begin PBXFileReference section */
		4953687226D395B9B06BE65C /* Pods-ViewPoint.release.xcconfig */ = {isa = PBXFileReference; includeInIndex = 1; lastKnownFileType = text.xcconfig; name = "Pods-ViewPoint.release.xcconfig"; path = "Target Support Files/Pods-ViewPoint/Pods-ViewPoint.release.xcconfig"; sourceTree = "<group>"; };
		B114ACF4223AE7DF00319479 /* ViewPoint.app */ = {isa = PBXFileReference; explicitFileType = wrapper.application; includeInIndex = 0; path = ViewPoint.app; sourceTree = BUILT_PRODUCTS_DIR; };
		B114ACF7223AE7DF00319479 /* AppDelegate.swift */ = {isa = PBXFileReference; lastKnownFileType = sourcecode.swift; path = AppDelegate.swift; sourceTree = "<group>"; };
		B114ACF9223AE7DF00319479 /* LogInViewController.swift */ = {isa = PBXFileReference; lastKnownFileType = sourcecode.swift; path = LogInViewController.swift; sourceTree = "<group>"; };
		B114ACFC223AE7DF00319479 /* Base */ = {isa = PBXFileReference; lastKnownFileType = file.storyboard; name = Base; path = Base.lproj/Main.storyboard; sourceTree = "<group>"; };
		B114ACFE223AE7E400319479 /* Assets.xcassets */ = {isa = PBXFileReference; lastKnownFileType = folder.assetcatalog; path = Assets.xcassets; sourceTree = "<group>"; };
		B114AD01223AE7E400319479 /* Base */ = {isa = PBXFileReference; lastKnownFileType = file.storyboard; name = Base; path = Base.lproj/LaunchScreen.storyboard; sourceTree = "<group>"; };
		B114AD03223AE7E400319479 /* Info.plist */ = {isa = PBXFileReference; lastKnownFileType = text.plist.xml; path = Info.plist; sourceTree = "<group>"; };
		B114AD09223B697100319479 /* GoogleService-Info.plist */ = {isa = PBXFileReference; fileEncoding = 4; lastKnownFileType = text.plist.xml; path = "GoogleService-Info.plist"; sourceTree = "<group>"; };
		B114AD0B223C9C7800319479 /* DashboardViewController.swift */ = {isa = PBXFileReference; lastKnownFileType = sourcecode.swift; path = DashboardViewController.swift; sourceTree = "<group>"; };
		B114AD0D223E0A4900319479 /* ProfileViewController.swift */ = {isa = PBXFileReference; lastKnownFileType = sourcecode.swift; path = ProfileViewController.swift; sourceTree = "<group>"; };
		B114AD0F223E21E500319479 /* Global.swift */ = {isa = PBXFileReference; lastKnownFileType = sourcecode.swift; path = Global.swift; sourceTree = "<group>"; };
		B114AD18223F02CA00319479 /* TopicsTableViewController.swift */ = {isa = PBXFileReference; lastKnownFileType = sourcecode.swift; path = TopicsTableViewController.swift; sourceTree = "<group>"; };
		B114AD1C223F33DA00319479 /* GridViewCell */ = {isa = PBXFileReference; lastKnownFileType = folder; path = GridViewCell; sourceTree = "<group>"; };
		B114AD1D223F33DB00319479 /* DemoElongationCell */ = {isa = PBXFileReference; lastKnownFileType = folder; path = DemoElongationCell; sourceTree = "<group>"; };
		DB61583ED81DD1FDD94CCF07 /* Pods-ViewPoint.debug.xcconfig */ = {isa = PBXFileReference; includeInIndex = 1; lastKnownFileType = text.xcconfig; name = "Pods-ViewPoint.debug.xcconfig"; path = "Target Support Files/Pods-ViewPoint/Pods-ViewPoint.debug.xcconfig"; sourceTree = "<group>"; };
		F517DAEBC88B6202FA45B091 /* Pods_ViewPoint.framework */ = {isa = PBXFileReference; explicitFileType = wrapper.framework; includeInIndex = 0; path = Pods_ViewPoint.framework; sourceTree = BUILT_PRODUCTS_DIR; };
/* End PBXFileReference section */

/* Begin PBXFrameworksBuildPhase section */
		B114ACF1223AE7DF00319479 /* Frameworks */ = {
			isa = PBXFrameworksBuildPhase;
			buildActionMask = 2147483647;
			files = (
				5946B28C77CA7F86BFCC17B0 /* Pods_ViewPoint.framework in Frameworks */,
			);
			runOnlyForDeploymentPostprocessing = 0;
		};
/* End PBXFrameworksBuildPhase section */

/* Begin PBXGroup section */
		44708709A9B4E21B1EE0CB7A /* Pods */ = {
			isa = PBXGroup;
			children = (
				DB61583ED81DD1FDD94CCF07 /* Pods-ViewPoint.debug.xcconfig */,
				4953687226D395B9B06BE65C /* Pods-ViewPoint.release.xcconfig */,
			);
			path = Pods;
			sourceTree = "<group>";
		};
		57F334D0143F15AD2B8B0BA8 /* Frameworks */ = {
			isa = PBXGroup;
			children = (
				F517DAEBC88B6202FA45B091 /* Pods_ViewPoint.framework */,
			);
			name = Frameworks;
			sourceTree = "<group>";
		};
		B114ACEB223AE7DF00319479 = {
			isa = PBXGroup;
			children = (
				B114ACF6223AE7DF00319479 /* ViewPoint */,
				B114ACF5223AE7DF00319479 /* Products */,
				44708709A9B4E21B1EE0CB7A /* Pods */,
				57F334D0143F15AD2B8B0BA8 /* Frameworks */,
			);
			sourceTree = "<group>";
		};
		B114ACF5223AE7DF00319479 /* Products */ = {
			isa = PBXGroup;
			children = (
				B114ACF4223AE7DF00319479 /* ViewPoint.app */,
			);
			name = Products;
			sourceTree = "<group>";
		};
		B114ACF6223AE7DF00319479 /* ViewPoint */ = {
			isa = PBXGroup;
			children = (
				B114AD1D223F33DB00319479 /* DemoElongationCell */,
				B114AD1C223F33DA00319479 /* GridViewCell */,
				B114ACF7223AE7DF00319479 /* AppDelegate.swift */,
				B114AD0F223E21E500319479 /* Global.swift */,
				B114ACF9223AE7DF00319479 /* LogInViewController.swift */,
				B114AD0B223C9C7800319479 /* DashboardViewController.swift */,
				B114AD0D223E0A4900319479 /* ProfileViewController.swift */,
				B114AD18223F02CA00319479 /* TopicsTableViewController.swift */,
				B114ACFB223AE7DF00319479 /* Main.storyboard */,
				B114AD00223AE7E400319479 /* LaunchScreen.storyboard */,
				B114ACFE223AE7E400319479 /* Assets.xcassets */,
				B114AD03223AE7E400319479 /* Info.plist */,
				B114AD09223B697100319479 /* GoogleService-Info.plist */,
			);
			path = ViewPoint;
			sourceTree = "<group>";
		};
/* End PBXGroup section */

/* Begin PBXNativeTarget section */
		B114ACF3223AE7DF00319479 /* ViewPoint */ = {
			isa = PBXNativeTarget;
			buildConfigurationList = B114AD06223AE7E400319479 /* Build configuration list for PBXNativeTarget "ViewPoint" */;
			buildPhases = (
				46B17E37303E3DCD09B61AEC /* [CP] Check Pods Manifest.lock */,
				B114ACF0223AE7DF00319479 /* Sources */,
				B114ACF1223AE7DF00319479 /* Frameworks */,
				B114ACF2223AE7DF00319479 /* Resources */,
				DEB8D4CCAFCF575C338824C6 /* [CP] Embed Pods Frameworks */,
				152846BDF730ADF00A1DBF78 /* [CP] Copy Pods Resources */,
			);
			buildRules = (
			);
			dependencies = (
			);
			name = ViewPoint;
			productName = viewPoint;
			productReference = B114ACF4223AE7DF00319479 /* ViewPoint.app */;
			productType = "com.apple.product-type.application";
		};
/* End PBXNativeTarget section */

/* Begin PBXProject section */
		B114ACEC223AE7DF00319479 /* Project object */ = {
			isa = PBXProject;
			attributes = {
				LastSwiftUpdateCheck = 1010;
				LastUpgradeCheck = 1010;
				ORGANIZATIONNAME = "Shreyas Agnihotri";
				TargetAttributes = {
					B114ACF3223AE7DF00319479 = {
						CreatedOnToolsVersion = 10.1;
					};
				};
			};
			buildConfigurationList = B114ACEF223AE7DF00319479 /* Build configuration list for PBXProject "ViewPoint" */;
			compatibilityVersion = "Xcode 10.0";
			developmentRegion = en;
			hasScannedForEncodings = 0;
			knownRegions = (
				en,
				Base,
			);
			mainGroup = B114ACEB223AE7DF00319479;
			productRefGroup = B114ACF5223AE7DF00319479 /* Products */;
			projectDirPath = "";
			projectRoot = "";
			targets = (
				B114ACF3223AE7DF00319479 /* ViewPoint */,
			);
		};
/* End PBXProject section */

/* Begin PBXResourcesBuildPhase section */
		B114ACF2223AE7DF00319479 /* Resources */ = {
			isa = PBXResourcesBuildPhase;
			buildActionMask = 2147483647;
			files = (
				B114AD02223AE7E400319479 /* LaunchScreen.storyboard in Resources */,
				B114AD0A223B697100319479 /* GoogleService-Info.plist in Resources */,
				B114AD1E223F33DC00319479 /* GridViewCell in Resources */,
				B114AD1F223F33DC00319479 /* DemoElongationCell in Resources */,
				B114ACFF223AE7E400319479 /* Assets.xcassets in Resources */,
				B114ACFD223AE7DF00319479 /* Main.storyboard in Resources */,
			);
			runOnlyForDeploymentPostprocessing = 0;
		};
/* End PBXResourcesBuildPhase section */

/* Begin PBXShellScriptBuildPhase section */
		152846BDF730ADF00A1DBF78 /* [CP] Copy Pods Resources */ = {
			isa = PBXShellScriptBuildPhase;
			buildActionMask = 2147483647;
			files = (
			);
			inputFileListPaths = (
			);
			inputPaths = (
				"${PODS_ROOT}/Target Support Files/Pods-ViewPoint/Pods-ViewPoint-resources.sh",
				"${PODS_ROOT}/GoogleSignIn/Resources/GoogleSignIn.bundle",
			);
			name = "[CP] Copy Pods Resources";
			outputFileListPaths = (
			);
			outputPaths = (
				"${TARGET_BUILD_DIR}/${UNLOCALIZED_RESOURCES_FOLDER_PATH}/GoogleSignIn.bundle",
			);
			runOnlyForDeploymentPostprocessing = 0;
			shellPath = /bin/sh;
			shellScript = "\"${PODS_ROOT}/Target Support Files/Pods-ViewPoint/Pods-ViewPoint-resources.sh\"\n";
			showEnvVarsInLog = 0;
		};
		46B17E37303E3DCD09B61AEC /* [CP] Check Pods Manifest.lock */ = {
			isa = PBXShellScriptBuildPhase;
			buildActionMask = 2147483647;
			files = (
			);
			inputFileListPaths = (
			);
			inputPaths = (
				"${PODS_PODFILE_DIR_PATH}/Podfile.lock",
				"${PODS_ROOT}/Manifest.lock",
			);
			name = "[CP] Check Pods Manifest.lock";
			outputFileListPaths = (
			);
			outputPaths = (
				"$(DERIVED_FILE_DIR)/Pods-ViewPoint-checkManifestLockResult.txt",
			);
			runOnlyForDeploymentPostprocessing = 0;
			shellPath = /bin/sh;
			shellScript = "diff \"${PODS_PODFILE_DIR_PATH}/Podfile.lock\" \"${PODS_ROOT}/Manifest.lock\" > /dev/null\nif [ $? != 0 ] ; then\n    # print error to STDERR\n    echo \"error: The sandbox is not in sync with the Podfile.lock. Run 'pod install' or update your CocoaPods installation.\" >&2\n    exit 1\nfi\n# This output is used by Xcode 'outputs' to avoid re-running this script phase.\necho \"SUCCESS\" > \"${SCRIPT_OUTPUT_FILE_0}\"\n";
			showEnvVarsInLog = 0;
		};
		DEB8D4CCAFCF575C338824C6 /* [CP] Embed Pods Frameworks */ = {
			isa = PBXShellScriptBuildPhase;
			buildActionMask = 2147483647;
			files = (
			);
			inputFileListPaths = (
			);
			inputPaths = (
				"${PODS_ROOT}/Target Support Files/Pods-ViewPoint/Pods-ViewPoint-frameworks.sh",
				"${BUILT_PRODUCTS_DIR}/Alamofire/Alamofire.framework",
				"${BUILT_PRODUCTS_DIR}/AlamofireImage/AlamofireImage.framework",
				"${BUILT_PRODUCTS_DIR}/BoringSSL-GRPC/openssl_grpc.framework",
				"${BUILT_PRODUCTS_DIR}/ElongationPreview/ElongationPreview.framework",
				"${BUILT_PRODUCTS_DIR}/FoldingCell/FoldingCell.framework",
				"${BUILT_PRODUCTS_DIR}/GTMSessionFetcher/GTMSessionFetcher.framework",
				"${BUILT_PRODUCTS_DIR}/GoogleToolboxForMac/GoogleToolboxForMac.framework",
				"${BUILT_PRODUCTS_DIR}/GoogleUtilities/GoogleUtilities.framework",
				"${BUILT_PRODUCTS_DIR}/Kingfisher/Kingfisher.framework",
				"${BUILT_PRODUCTS_DIR}/Navigation-Toolbar/Navigation_Toolbar.framework",
				"${BUILT_PRODUCTS_DIR}/Protobuf/Protobuf.framework",
				"${BUILT_PRODUCTS_DIR}/SVProgressHUD/SVProgressHUD.framework",
				"${BUILT_PRODUCTS_DIR}/gRPC-C++/grpcpp.framework",
				"${BUILT_PRODUCTS_DIR}/gRPC-Core/grpc.framework",
				"${BUILT_PRODUCTS_DIR}/leveldb-library/leveldb.framework",
				"${BUILT_PRODUCTS_DIR}/nanopb/nanopb.framework",
			);
			name = "[CP] Embed Pods Frameworks";
			outputFileListPaths = (
			);
			outputPaths = (
				"${TARGET_BUILD_DIR}/${FRAMEWORKS_FOLDER_PATH}/Alamofire.framework",
				"${TARGET_BUILD_DIR}/${FRAMEWORKS_FOLDER_PATH}/AlamofireImage.framework",
				"${TARGET_BUILD_DIR}/${FRAMEWORKS_FOLDER_PATH}/openssl_grpc.framework",
				"${TARGET_BUILD_DIR}/${FRAMEWORKS_FOLDER_PATH}/ElongationPreview.framework",
				"${TARGET_BUILD_DIR}/${FRAMEWORKS_FOLDER_PATH}/FoldingCell.framework",
				"${TARGET_BUILD_DIR}/${FRAMEWORKS_FOLDER_PATH}/GTMSessionFetcher.framework",
				"${TARGET_BUILD_DIR}/${FRAMEWORKS_FOLDER_PATH}/GoogleToolboxForMac.framework",
				"${TARGET_BUILD_DIR}/${FRAMEWORKS_FOLDER_PATH}/GoogleUtilities.framework",
				"${TARGET_BUILD_DIR}/${FRAMEWORKS_FOLDER_PATH}/Kingfisher.framework",
				"${TARGET_BUILD_DIR}/${FRAMEWORKS_FOLDER_PATH}/Navigation_Toolbar.framework",
				"${TARGET_BUILD_DIR}/${FRAMEWORKS_FOLDER_PATH}/Protobuf.framework",
				"${TARGET_BUILD_DIR}/${FRAMEWORKS_FOLDER_PATH}/SVProgressHUD.framework",
				"${TARGET_BUILD_DIR}/${FRAMEWORKS_FOLDER_PATH}/grpcpp.framework",
				"${TARGET_BUILD_DIR}/${FRAMEWORKS_FOLDER_PATH}/grpc.framework",
				"${TARGET_BUILD_DIR}/${FRAMEWORKS_FOLDER_PATH}/leveldb.framework",
				"${TARGET_BUILD_DIR}/${FRAMEWORKS_FOLDER_PATH}/nanopb.framework",
			);
			runOnlyForDeploymentPostprocessing = 0;
			shellPath = /bin/sh;
			shellScript = "\"${PODS_ROOT}/Target Support Files/Pods-ViewPoint/Pods-ViewPoint-frameworks.sh\"\n";
			showEnvVarsInLog = 0;
		};
/* End PBXShellScriptBuildPhase section */

/* Begin PBXSourcesBuildPhase section */
		B114ACF0223AE7DF00319479 /* Sources */ = {
			isa = PBXSourcesBuildPhase;
			buildActionMask = 2147483647;
			files = (
				B114ACFA223AE7DF00319479 /* LogInViewController.swift in Sources */,
				B114AD0C223C9C7900319479 /* DashboardViewController.swift in Sources */,
				B114AD0E223E0A4A00319479 /* ProfileViewController.swift in Sources */,
				B114AD19223F02CA00319479 /* TopicsTableViewController.swift in Sources */,
				B114AD10223E21E500319479 /* Global.swift in Sources */,
				B114ACF8223AE7DF00319479 /* AppDelegate.swift in Sources */,
			);
			runOnlyForDeploymentPostprocessing = 0;
		};
/* End PBXSourcesBuildPhase section */

/* Begin PBXVariantGroup section */
		B114ACFB223AE7DF00319479 /* Main.storyboard */ = {
			isa = PBXVariantGroup;
			children = (
				B114ACFC223AE7DF00319479 /* Base */,
			);
			name = Main.storyboard;
			sourceTree = "<group>";
		};
		B114AD00223AE7E400319479 /* LaunchScreen.storyboard */ = {
			isa = PBXVariantGroup;
			children = (
				B114AD01223AE7E400319479 /* Base */,
			);
			name = LaunchScreen.storyboard;
			sourceTree = "<group>";
		};
/* End PBXVariantGroup section */

/* Begin XCBuildConfiguration section */
		B114AD04223AE7E400319479 /* Debug */ = {
			isa = XCBuildConfiguration;
			buildSettings = {
				ALWAYS_SEARCH_USER_PATHS = NO;
				CLANG_ANALYZER_NONNULL = YES;
				CLANG_ANALYZER_NUMBER_OBJECT_CONVERSION = YES_AGGRESSIVE;
				CLANG_CXX_LANGUAGE_STANDARD = "gnu++14";
				CLANG_CXX_LIBRARY = "libc++";
				CLANG_ENABLE_MODULES = YES;
				CLANG_ENABLE_OBJC_ARC = YES;
				CLANG_ENABLE_OBJC_WEAK = YES;
				CLANG_WARN_BLOCK_CAPTURE_AUTORELEASING = YES;
				CLANG_WARN_BOOL_CONVERSION = YES;
				CLANG_WARN_COMMA = YES;
				CLANG_WARN_CONSTANT_CONVERSION = YES;
				CLANG_WARN_DEPRECATED_OBJC_IMPLEMENTATIONS = YES;
				CLANG_WARN_DIRECT_OBJC_ISA_USAGE = YES_ERROR;
				CLANG_WARN_DOCUMENTATION_COMMENTS = YES;
				CLANG_WARN_EMPTY_BODY = YES;
				CLANG_WARN_ENUM_CONVERSION = YES;
				CLANG_WARN_INFINITE_RECURSION = YES;
				CLANG_WARN_INT_CONVERSION = YES;
				CLANG_WARN_NON_LITERAL_NULL_CONVERSION = YES;
				CLANG_WARN_OBJC_IMPLICIT_RETAIN_SELF = YES;
				CLANG_WARN_OBJC_LITERAL_CONVERSION = YES;
				CLANG_WARN_OBJC_ROOT_CLASS = YES_ERROR;
				CLANG_WARN_RANGE_LOOP_ANALYSIS = YES;
				CLANG_WARN_STRICT_PROTOTYPES = YES;
				CLANG_WARN_SUSPICIOUS_MOVE = YES;
				CLANG_WARN_UNGUARDED_AVAILABILITY = YES_AGGRESSIVE;
				CLANG_WARN_UNREACHABLE_CODE = YES;
				CLANG_WARN__DUPLICATE_METHOD_MATCH = YES;
				CODE_SIGN_IDENTITY = "iPhone Developer";
				COPY_PHASE_STRIP = NO;
				DEBUG_INFORMATION_FORMAT = dwarf;
				ENABLE_STRICT_OBJC_MSGSEND = YES;
				ENABLE_TESTABILITY = YES;
				GCC_C_LANGUAGE_STANDARD = gnu11;
				GCC_DYNAMIC_NO_PIC = NO;
				GCC_NO_COMMON_BLOCKS = YES;
				GCC_OPTIMIZATION_LEVEL = 0;
				GCC_PREPROCESSOR_DEFINITIONS = (
					"DEBUG=1",
					"$(inherited)",
				);
				GCC_WARN_64_TO_32_BIT_CONVERSION = YES;
				GCC_WARN_ABOUT_RETURN_TYPE = YES_ERROR;
				GCC_WARN_UNDECLARED_SELECTOR = YES;
				GCC_WARN_UNINITIALIZED_AUTOS = YES_AGGRESSIVE;
				GCC_WARN_UNUSED_FUNCTION = YES;
				GCC_WARN_UNUSED_VARIABLE = YES;
				IPHONEOS_DEPLOYMENT_TARGET = 12.1;
				MTL_ENABLE_DEBUG_INFO = INCLUDE_SOURCE;
				MTL_FAST_MATH = YES;
				ONLY_ACTIVE_ARCH = YES;
				SDKROOT = iphoneos;
				SWIFT_ACTIVE_COMPILATION_CONDITIONS = DEBUG;
				SWIFT_OPTIMIZATION_LEVEL = "-Onone";
			};
			name = Debug;
		};
		B114AD05223AE7E400319479 /* Release */ = {
			isa = XCBuildConfiguration;
			buildSettings = {
				ALWAYS_SEARCH_USER_PATHS = NO;
				CLANG_ANALYZER_NONNULL = YES;
				CLANG_ANALYZER_NUMBER_OBJECT_CONVERSION = YES_AGGRESSIVE;
				CLANG_CXX_LANGUAGE_STANDARD = "gnu++14";
				CLANG_CXX_LIBRARY = "libc++";
				CLANG_ENABLE_MODULES = YES;
				CLANG_ENABLE_OBJC_ARC = YES;
				CLANG_ENABLE_OBJC_WEAK = YES;
				CLANG_WARN_BLOCK_CAPTURE_AUTORELEASING = YES;
				CLANG_WARN_BOOL_CONVERSION = YES;
				CLANG_WARN_COMMA = YES;
				CLANG_WARN_CONSTANT_CONVERSION = YES;
				CLANG_WARN_DEPRECATED_OBJC_IMPLEMENTATIONS = YES;
				CLANG_WARN_DIRECT_OBJC_ISA_USAGE = YES_ERROR;
				CLANG_WARN_DOCUMENTATION_COMMENTS = YES;
				CLANG_WARN_EMPTY_BODY = YES;
				CLANG_WARN_ENUM_CONVERSION = YES;
				CLANG_WARN_INFINITE_RECURSION = YES;
				CLANG_WARN_INT_CONVERSION = YES;
				CLANG_WARN_NON_LITERAL_NULL_CONVERSION = YES;
				CLANG_WARN_OBJC_IMPLICIT_RETAIN_SELF = YES;
				CLANG_WARN_OBJC_LITERAL_CONVERSION = YES;
				CLANG_WARN_OBJC_ROOT_CLASS = YES_ERROR;
				CLANG_WARN_RANGE_LOOP_ANALYSIS = YES;
				CLANG_WARN_STRICT_PROTOTYPES = YES;
				CLANG_WARN_SUSPICIOUS_MOVE = YES;
				CLANG_WARN_UNGUARDED_AVAILABILITY = YES_AGGRESSIVE;
				CLANG_WARN_UNREACHABLE_CODE = YES;
				CLANG_WARN__DUPLICATE_METHOD_MATCH = YES;
				CODE_SIGN_IDENTITY = "iPhone Developer";
				COPY_PHASE_STRIP = NO;
				DEBUG_INFORMATION_FORMAT = "dwarf-with-dsym";
				ENABLE_NS_ASSERTIONS = NO;
				ENABLE_STRICT_OBJC_MSGSEND = YES;
				GCC_C_LANGUAGE_STANDARD = gnu11;
				GCC_NO_COMMON_BLOCKS = YES;
				GCC_WARN_64_TO_32_BIT_CONVERSION = YES;
				GCC_WARN_ABOUT_RETURN_TYPE = YES_ERROR;
				GCC_WARN_UNDECLARED_SELECTOR = YES;
				GCC_WARN_UNINITIALIZED_AUTOS = YES_AGGRESSIVE;
				GCC_WARN_UNUSED_FUNCTION = YES;
				GCC_WARN_UNUSED_VARIABLE = YES;
				IPHONEOS_DEPLOYMENT_TARGET = 12.1;
				MTL_ENABLE_DEBUG_INFO = NO;
				MTL_FAST_MATH = YES;
				SDKROOT = iphoneos;
				SWIFT_COMPILATION_MODE = wholemodule;
				SWIFT_OPTIMIZATION_LEVEL = "-O";
				VALIDATE_PRODUCT = YES;
			};
			name = Release;
		};
		B114AD07223AE7E400319479 /* Debug */ = {
			isa = XCBuildConfiguration;
			baseConfigurationReference = DB61583ED81DD1FDD94CCF07 /* Pods-ViewPoint.debug.xcconfig */;
			buildSettings = {
				ASSETCATALOG_COMPILER_APPICON_NAME = AppIcon;
				CODE_SIGN_STYLE = Automatic;
				DEVELOPMENT_TEAM = HW2D2HF4LQ;
				INFOPLIST_FILE = viewPoint/Info.plist;
				LD_RUNPATH_SEARCH_PATHS = (
					"$(inherited)",
					"@executable_path/Frameworks",
				);
				OTHER_LDFLAGS = "$(inherited)";
				PRODUCT_BUNDLE_IDENTIFIER = com.shreyasagnihotri.viewPoint;
				PRODUCT_NAME = "$(TARGET_NAME)";
				SWIFT_VERSION = 4.2;
				TARGETED_DEVICE_FAMILY = "1,2";
			};
			name = Debug;
		};
		B114AD08223AE7E400319479 /* Release */ = {
			isa = XCBuildConfiguration;
			baseConfigurationReference = 4953687226D395B9B06BE65C /* Pods-ViewPoint.release.xcconfig */;
			buildSettings = {
				ASSETCATALOG_COMPILER_APPICON_NAME = AppIcon;
				CODE_SIGN_STYLE = Automatic;
				DEVELOPMENT_TEAM = HW2D2HF4LQ;
				INFOPLIST_FILE = viewPoint/Info.plist;
				LD_RUNPATH_SEARCH_PATHS = (
					"$(inherited)",
					"@executable_path/Frameworks",
				);
				OTHER_LDFLAGS = "$(inherited)";
				PRODUCT_BUNDLE_IDENTIFIER = com.shreyasagnihotri.viewPoint;
				PRODUCT_NAME = "$(TARGET_NAME)";
				SWIFT_VERSION = 4.2;
				TARGETED_DEVICE_FAMILY = "1,2";
			};
			name = Release;
		};
/* End XCBuildConfiguration section */

/* Begin XCConfigurationList section */
		B114ACEF223AE7DF00319479 /* Build configuration list for PBXProject "ViewPoint" */ = {
			isa = XCConfigurationList;
			buildConfigurations = (
				B114AD04223AE7E400319479 /* Debug */,
				B114AD05223AE7E400319479 /* Release */,
			);
			defaultConfigurationIsVisible = 0;
			defaultConfigurationName = Release;
		};
		B114AD06223AE7E400319479 /* Build configuration list for PBXNativeTarget "ViewPoint" */ = {
			isa = XCConfigurationList;
			buildConfigurations = (
				B114AD07223AE7E400319479 /* Debug */,
				B114AD08223AE7E400319479 /* Release */,
			);
			defaultConfigurationIsVisible = 0;
			defaultConfigurationName = Release;
		};
/* End XCConfigurationList section */
	};
	rootObject = B114ACEC223AE7DF00319479 /* Project object */;
}
